
Microsoft Visual Studio Solution File, Format Version 12.00
# Visual Studio Version 17
VisualStudioVersion = 17.5.33530.505
MinimumVisualStudioVersion = 10.0.40219.1
Project("{9A19103F-16F7-4668-BE54-9A1E7A4F7556}") = "HHru_Playwright", "HHru_Playwright.csproj", "{FF8453E5-F59F-455E-A4D6-ECBEB913C9D6}"
EndProject
Project("{FAE04EC0-301F-11D3-BF4B-00C04F79EFBC}") = "HeadHunterBrowserClient", "..\HeadHunterBrowserClient\HeadHunterBrowserClient.csproj", "{77584300-FE72-4E07-851F-ED9C3F54EF2F}"
EndProject
Global
	GlobalSection(SolutionConfigurationPlatforms) = preSolution
		Debug|Any CPU = Debug|Any CPU
		Release|Any CPU = Release|Any CPU
	EndGlobalSection
	GlobalSection(ProjectConfigurationPlatforms) = postSolution
		{FF8453E5-F59F-455E-A4D6-ECBEB913C9D6}.Debug|Any CPU.ActiveCfg = Debug|Any CPU
		{FF8453E5-F59F-455E-A4D6-ECBEB913C9D6}.Debug|Any CPU.Build.0 = Debug|Any CPU
		{FF8453E5-F59F-455E-A4D6-ECBEB913C9D6}.Release|Any CPU.ActiveCfg = Release|Any CPU
		{FF8453E5-F59F-455E-A4D6-ECBEB913C9D6}.Release|Any CPU.Build.0 = Release|Any CPU
		{77584300-FE72-4E07-851F-ED9C3F54EF2F}.Debug|Any CPU.ActiveCfg = Debug|Any CPU
		{77584300-FE72-4E07-851F-ED9C3F54EF2F}.Debug|Any CPU.Build.0 = Debug|Any CPU
		{77584300-FE72-4E07-851F-ED9C3F54EF2F}.Release|Any CPU.ActiveCfg = Release|Any CPU
		{77584300-FE72-4E07-851F-ED9C3F54EF2F}.Release|Any CPU.Build.0 = Release|Any CPU
	EndGlobalSection
	GlobalSection(SolutionProperties) = preSolution
		HideSolutionNode = FALSE
	EndGlobalSection
	GlobalSection(ExtensibilityGlobals) = postSolution
		SolutionGuid = {2824403B-8780-4A8E-87C9-F26BB14ED9D1}
	EndGlobalSection
EndGlobal
